
Microsoft Visual Studio Solution File, Format Version 12.00
# Visual Studio 15
Project("{FAE04EC0-301F-11D3-BF4B-00C04F79EFBC}") = "IdeaDateAPI", "IdeaDateAPI\IdeaDateAPI.csproj", "{CF5A1DC6-4C1F-46A7-9F2D-3F16935BEB67}"
EndProject
Global
	GlobalSection(SolutionConfigurationPlatforms) = preSolution
		Debug|Any CPU = Debug|Any CPU
		Release|Any CPU = Release|Any CPU
	EndGlobalSection
	GlobalSection(ProjectConfigurationPlatforms) = postSolution
		{CF5A1DC6-4C1F-46A7-9F2D-3F16935BEB67}.Debug|Any CPU.ActiveCfg = Debug|Any CPU
		{CF5A1DC6-4C1F-46A7-9F2D-3F16935BEB67}.Debug|Any CPU.Build.0 = Debug|Any CPU
		{CF5A1DC6-4C1F-46A7-9F2D-3F16935BEB67}.Release|Any CPU.ActiveCfg = Release|Any CPU
		{CF5A1DC6-4C1F-46A7-9F2D-3F16935BEB67}.Release|Any CPU.Build.0 = Release|Any CPU
	EndGlobalSection
EndGlobal
